
Microsoft Visual Studio Solution File, Format Version 12.00
# Visual Studio 15
VisualStudioVersion = 15.0.27004.2002
MinimumVisualStudioVersion = 10.0.40219.1
Project("{FAE04EC0-301F-11D3-BF4B-00C04F79EFBC}") = "Testament.Api", "Testament.Api\Testament.Api.csproj", "{2B5D5909-8E45-44D3-8ADA-0B1B6A436DAF}"
EndProject
Global
	GlobalSection(SolutionConfigurationPlatforms) = preSolution
		Debug|Any CPU = Debug|Any CPU
		Release|Any CPU = Release|Any CPU
	EndGlobalSection
	GlobalSection(ProjectConfigurationPlatforms) = postSolution
		{2B5D5909-8E45-44D3-8ADA-0B1B6A436DAF}.Debug|Any CPU.ActiveCfg = Debug|Any CPU
		{2B5D5909-8E45-44D3-8ADA-0B1B6A436DAF}.Debug|Any CPU.Build.0 = Debug|Any CPU
		{2B5D5909-8E45-44D3-8ADA-0B1B6A436DAF}.Release|Any CPU.ActiveCfg = Release|Any CPU
		{2B5D5909-8E45-44D3-8ADA-0B1B6A436DAF}.Release|Any CPU.Build.0 = Release|Any CPU
	EndGlobalSection
	GlobalSection(SolutionProperties) = preSolution
		HideSolutionNode = FALSE
	EndGlobalSection
	GlobalSection(ExtensibilityGlobals) = postSolution
		SolutionGuid = {345ABF9F-68B5-476E-95AF-EB18DBAE3112}
	EndGlobalSection
EndGlobal
